
Microsoft Visual Studio Solution File, Format Version 12.00
# Visual Studio Version 17
VisualStudioVersion = 17.6.33829.357
MinimumVisualStudioVersion = 10.0.40219.1
Project("{9A19103F-16F7-4668-BE54-9A1E7A4F7556}") = "AgriHelper.Infrastructure", "AgriHelper.Infrastructure\AgriHelper.Infrastructure.csproj", "{1FEE46FF-EABA-489F-AD7C-07EC58C3CB02}"
EndProject
Project("{9A19103F-16F7-4668-BE54-9A1E7A4F7556}") = "AgriHelper.Core", "AgriHelper.Core\AgriHelper.Core.csproj", "{FC2935E9-384F-46F7-BE8A-AE420DE3FE0E}"
EndProject
Project("{9A19103F-16F7-4668-BE54-9A1E7A4F7556}") = "AgriHelper.Application", "AgriHelper.Application\AgriHelper.Application.csproj", "{764CF270-76C4-4CA4-8483-59AAD33D20C4}"
EndProject
Project("{9A19103F-16F7-4668-BE54-9A1E7A4F7556}") = "AgriHelper", "AgriHelper\AgriHelper.csproj", "{3B5AA6CE-E0CF-40B4-9F94-A2691B53246F}"
EndProject
Project("{9A19103F-16F7-4668-BE54-9A1E7A4F7556}") = "MockSensorDataSender", "MockSensorDataSender\MockSensorDataSender.csproj", "{10BEF383-3BCA-4612-8F25-4C12206FC3FE}"
EndProject
Global
	GlobalSection(SolutionConfigurationPlatforms) = preSolution
		Debug|Any CPU = Debug|Any CPU
		Release|Any CPU = Release|Any CPU
	EndGlobalSection
	GlobalSection(ProjectConfigurationPlatforms) = postSolution
		{1FEE46FF-EABA-489F-AD7C-07EC58C3CB02}.Debug|Any CPU.ActiveCfg = Debug|Any CPU
		{1FEE46FF-EABA-489F-AD7C-07EC58C3CB02}.Debug|Any CPU.Build.0 = Debug|Any CPU
		{1FEE46FF-EABA-489F-AD7C-07EC58C3CB02}.Release|Any CPU.ActiveCfg = Release|Any CPU
		{1FEE46FF-EABA-489F-AD7C-07EC58C3CB02}.Release|Any CPU.Build.0 = Release|Any CPU
		{FC2935E9-384F-46F7-BE8A-AE420DE3FE0E}.Debug|Any CPU.ActiveCfg = Debug|Any CPU
		{FC2935E9-384F-46F7-BE8A-AE420DE3FE0E}.Debug|Any CPU.Build.0 = Debug|Any CPU
		{FC2935E9-384F-46F7-BE8A-AE420DE3FE0E}.Release|Any CPU.ActiveCfg = Release|Any CPU
		{FC2935E9-384F-46F7-BE8A-AE420DE3FE0E}.Release|Any CPU.Build.0 = Release|Any CPU
		{764CF270-76C4-4CA4-8483-59AAD33D20C4}.Debug|Any CPU.ActiveCfg = Debug|Any CPU
		{764CF270-76C4-4CA4-8483-59AAD33D20C4}.Debug|Any CPU.Build.0 = Debug|Any CPU
		{764CF270-76C4-4CA4-8483-59AAD33D20C4}.Release|Any CPU.ActiveCfg = Release|Any CPU
		{764CF270-76C4-4CA4-8483-59AAD33D20C4}.Release|Any CPU.Build.0 = Release|Any CPU
		{3B5AA6CE-E0CF-40B4-9F94-A2691B53246F}.Debug|Any CPU.ActiveCfg = Debug|Any CPU
		{3B5AA6CE-E0CF-40B4-9F94-A2691B53246F}.Debug|Any CPU.Build.0 = Debug|Any CPU
		{3B5AA6CE-E0CF-40B4-9F94-A2691B53246F}.Release|Any CPU.ActiveCfg = Release|Any CPU
		{3B5AA6CE-E0CF-40B4-9F94-A2691B53246F}.Release|Any CPU.Build.0 = Release|Any CPU
		{10BEF383-3BCA-4612-8F25-4C12206FC3FE}.Debug|Any CPU.ActiveCfg = Debug|Any CPU
		{10BEF383-3BCA-4612-8F25-4C12206FC3FE}.Debug|Any CPU.Build.0 = Debug|Any CPU
		{10BEF383-3BCA-4612-8F25-4C12206FC3FE}.Release|Any CPU.ActiveCfg = Release|Any CPU
		{10BEF383-3BCA-4612-8F25-4C12206FC3FE}.Release|Any CPU.Build.0 = Release|Any CPU
	EndGlobalSection
	GlobalSection(SolutionProperties) = preSolution
		HideSolutionNode = FALSE
	EndGlobalSection
	GlobalSection(ExtensibilityGlobals) = postSolution
		SolutionGuid = {EB111C9C-EDAE-4951-B5D4-77876F06C857}
	EndGlobalSection
EndGlobal
